dependencies:
- name: redis
  repository: https://charts.bitnami.com/bitnami
  version: 17.11.3
- name: temporal
  repository: file://./charts/temporal
  version: 0.68.1
- name: replicated
  repository: oci://registry.replicated.com/library
  version: 1.12.1
digest: sha256:8f2481ed7004c96882861f726ae53cc4dfb44f1b253e751fe9a124d26efed4d5
generated: "2026-01-02T15:47:25.123571+05:30"
